
Microsoft Visual Studio Solution File, Format Version 12.00
# Visual Studio Version 17
VisualStudioVersion = 17.10.34916.146
MinimumVisualStudioVersion = 10.0.40219.1
Project("{FAE04EC0-301F-11D3-BF4B-00C04F79EFBC}") = "AspnetAndReact.Server", "AspnetAndReact.Server\AspnetAndReact.Server.csproj", "{721202D4-20EC-47EE-8B16-4C0FF8B8A450}"
EndProject
Project("{54A90642-561A-4BB1-A94E-469ADEE60C69}") = "aspnetandreact.client", "aspnetandreact.client\aspnetandreact.client.esproj", "{C0E01092-246F-4D93-908A-86A9265E0EF9}"
EndProject
Global
	GlobalSection(SolutionConfigurationPlatforms) = preSolution
		Debug|Any CPU = Debug|Any CPU
		Release|Any CPU = Release|Any CPU
	EndGlobalSection
	GlobalSection(ProjectConfigurationPlatforms) = postSolution
		{721202D4-20EC-47EE-8B16-4C0FF8B8A450}.Debug|Any CPU.ActiveCfg = Debug|Any CPU
		{721202D4-20EC-47EE-8B16-4C0FF8B8A450}.Debug|Any CPU.Build.0 = Debug|Any CPU
		{721202D4-20EC-47EE-8B16-4C0FF8B8A450}.Release|Any CPU.ActiveCfg = Release|Any CPU
		{721202D4-20EC-47EE-8B16-4C0FF8B8A450}.Release|Any CPU.Build.0 = Release|Any CPU
		{C0E01092-246F-4D93-908A-86A9265E0EF9}.Debug|Any CPU.ActiveCfg = Debug|Any CPU
		{C0E01092-246F-4D93-908A-86A9265E0EF9}.Debug|Any CPU.Build.0 = Debug|Any CPU
		{C0E01092-246F-4D93-908A-86A9265E0EF9}.Debug|Any CPU.Deploy.0 = Debug|Any CPU
		{C0E01092-246F-4D93-908A-86A9265E0EF9}.Release|Any CPU.ActiveCfg = Release|Any CPU
		{C0E01092-246F-4D93-908A-86A9265E0EF9}.Release|Any CPU.Build.0 = Release|Any CPU
		{C0E01092-246F-4D93-908A-86A9265E0EF9}.Release|Any CPU.Deploy.0 = Release|Any CPU
	EndGlobalSection
	GlobalSection(SolutionProperties) = preSolution
		HideSolutionNode = FALSE
	EndGlobalSection
	GlobalSection(ExtensibilityGlobals) = postSolution
		SolutionGuid = {9746FA86-E0C1-46CD-AEC5-C8630E93E71E}
	EndGlobalSection
EndGlobal
